
Microsoft Visual Studio Solution File, Format Version 12.00
# Visual Studio Version 16
VisualStudioVersion = 16.0.29911.84
MinimumVisualStudioVersion = 10.0.40219.1
Project("{FAE04EC0-301F-11D3-BF4B-00C04F79EFBC}") = "Lab1_Zad2_Line", "Lab1_Zad2_Line\Lab1_Zad2_Line.csproj", "{1117A660-C63E-4677-B92A-55C1B2B389A8}"
EndProject
Global
	GlobalSection(SolutionConfigurationPlatforms) = preSolution
		Debug|Any CPU = Debug|Any CPU
		Release|Any CPU = Release|Any CPU
	EndGlobalSection
	GlobalSection(ProjectConfigurationPlatforms) = postSolution
		{1117A660-C63E-4677-B92A-55C1B2B389A8}.Debug|Any CPU.ActiveCfg = Debug|Any CPU
		{1117A660-C63E-4677-B92A-55C1B2B389A8}.Debug|Any CPU.Build.0 = Debug|Any CPU
		{1117A660-C63E-4677-B92A-55C1B2B389A8}.Release|Any CPU.ActiveCfg = Release|Any CPU
		{1117A660-C63E-4677-B92A-55C1B2B389A8}.Release|Any CPU.Build.0 = Release|Any CPU
	EndGlobalSection
	GlobalSection(SolutionProperties) = preSolution
		HideSolutionNode = FALSE
	EndGlobalSection
	GlobalSection(ExtensibilityGlobals) = postSolution
		SolutionGuid = {7B559576-0EA9-4162-B847-E85D1D293BD9}
	EndGlobalSection
EndGlobal
